// !$*UTF8*$!
{
	archiveVersion = 1;
	classes = {
	};
	objectVersion = 56;
	objects = {

/* Begin PBXBuildFile section */
		055833FA2A3AEEAF00A87245 /* Main.storyboard in Resources */ = {isa = PBXBuildFile; fileRef = 055833F92A3AEEAF00A87245 /* Main.storyboard */; };
		055833FC2A3B67FF00A87245 /* CheckCalendarViewController.swift in Sources */ = {isa = PBXBuildFile; fileRef = 055833FB2A3B67FF00A87245 /* CheckCalendarViewController.swift */; };
		0576F3672A08D1FA0019E041 /* user.png in Resources */ = {isa = PBXBuildFile; fileRef = 0576F3662A08D1F90019E041 /* user.png */; };
		0576F3692A08DC710019E041 /* SelectContentViewController.swift in Sources */ = {isa = PBXBuildFile; fileRef = 0576F3682A08DC710019E041 /* SelectContentViewController.swift */; };
		0587B67C2A1AF4730045FDC3 /* GoogleService-Info.plist in Resources */ = {isa = PBXBuildFile; fileRef = 0587B67B2A1AF4730045FDC3 /* GoogleService-Info.plist */; };
		0587B67E2A1B00D50045FDC3 /* DBFirebase.swift in Sources */ = {isa = PBXBuildFile; fileRef = 0587B67D2A1B00D50045FDC3 /* DBFirebase.swift */; };
		0596CC072A087F6000B34AF4 /* RoutineDetailViewController.swift in Sources */ = {isa = PBXBuildFile; fileRef = 0596CC062A087F6000B34AF4 /* RoutineDetailViewController.swift */; };
		0596CC092A08944000B34AF4 /* Owner.swift in Sources */ = {isa = PBXBuildFile; fileRef = 0596CC082A08944000B34AF4 /* Owner.swift */; };
		05A0730229FF44690070300F /* AppDelegate.swift in Sources */ = {isa = PBXBuildFile; fileRef = 05A0730129FF44690070300F /* AppDelegate.swift */; };
		05A0730429FF44690070300F /* SceneDelegate.swift in Sources */ = {isa = PBXBuildFile; fileRef = 05A0730329FF44690070300F /* SceneDelegate.swift */; };
		05A0730629FF44690070300F /* HomeViewController.swift in Sources */ = {isa = PBXBuildFile; fileRef = 05A0730529FF44690070300F /* HomeViewController.swift */; };
		05A0730B29FF446A0070300F /* Assets.xcassets in Resources */ = {isa = PBXBuildFile; fileRef = 05A0730A29FF446A0070300F /* Assets.xcassets */; };
		05A0730E29FF446A0070300F /* LaunchScreen.storyboard in Resources */ = {isa = PBXBuildFile; fileRef = 05A0730C29FF446A0070300F /* LaunchScreen.storyboard */; };
		05A0731629FF46160070300F /* ExtendedDate.swift in Sources */ = {isa = PBXBuildFile; fileRef = 05A0731529FF46160070300F /* ExtendedDate.swift */; };
		05A0731A29FF46A20070300F /* Routine.swift in Sources */ = {isa = PBXBuildFile; fileRef = 05A0731929FF46A20070300F /* Routine.swift */; };
		05A0731C29FF46DB0070300F /* Database.swift in Sources */ = {isa = PBXBuildFile; fileRef = 05A0731B29FF46DB0070300F /* Database.swift */; };
		05A0731E29FF46F60070300F /* DbMemory.swift in Sources */ = {isa = PBXBuildFile; fileRef = 05A0731D29FF46F60070300F /* DbMemory.swift */; };
		05A0732029FF47250070300F /* RoutineGroup.swift in Sources */ = {isa = PBXBuildFile; fileRef = 05A0731F29FF47250070300F /* RoutineGroup.swift */; };
		17BE492CDF964F1B61B4AC96 /* Pods_RoutineCalendar.framework in Frameworks */ = {isa = PBXBuildFile; fileRef = F52355E76FA2FF6E98B68A26 /* Pods_RoutineCalendar.framework */; };
/* End PBXBuildFile section */

/* Begin PBXFileReference section */
		055833F92A3AEEAF00A87245 /* Main.storyboard */ = {isa = PBXFileReference; fileEncoding = 4; lastKnownFileType = file.storyboard; path = Main.storyboard; sourceTree = "<group>"; };
		055833FB2A3B67FF00A87245 /* CheckCalendarViewController.swift */ = {isa = PBXFileReference; lastKnownFileType = sourcecode.swift; path = CheckCalendarViewController.swift; sourceTree = "<group>"; };
		0576F3662A08D1F90019E041 /* user.png */ = {isa = PBXFileReference; lastKnownFileType = image.png; path = user.png; sourceTree = "<group>"; };
		0576F3682A08DC710019E041 /* SelectContentViewController.swift */ = {isa = PBXFileReference; lastKnownFileType = sourcecode.swift; path = SelectContentViewController.swift; sourceTree = "<group>"; };
		0587B67B2A1AF4730045FDC3 /* GoogleService-Info.plist */ = {isa = PBXFileReference; fileEncoding = 4; lastKnownFileType = text.plist.xml; path = "GoogleService-Info.plist"; sourceTree = "<group>"; };
		0587B67D2A1B00D50045FDC3 /* DBFirebase.swift */ = {isa = PBXFileReference; lastKnownFileType = sourcecode.swift; path = DBFirebase.swift; sourceTree = "<group>"; };
		0596CC062A087F6000B34AF4 /* RoutineDetailViewController.swift */ = {isa = PBXFileReference; lastKnownFileType = sourcecode.swift; path = RoutineDetailViewController.swift; sourceTree = "<group>"; };
		0596CC082A08944000B34AF4 /* Owner.swift */ = {isa = PBXFileReference; lastKnownFileType = sourcecode.swift; path = Owner.swift; sourceTree = "<group>"; };
		05A072FE29FF44690070300F /* RoutineCalendar.app */ = {isa = PBXFileReference; explicitFileType = wrapper.application; includeInIndex = 0; path = RoutineCalendar.app; sourceTree = BUILT_PRODUCTS_DIR; };
		05A0730129FF44690070300F /* AppDelegate.swift */ = {isa = PBXFileReference; lastKnownFileType = sourcecode.swift; path = AppDelegate.swift; sourceTree = "<group>"; };
		05A0730329FF44690070300F /* SceneDelegate.swift */ = {isa = PBXFileReference; lastKnownFileType = sourcecode.swift; path = SceneDelegate.swift; sourceTree = "<group>"; };
		05A0730529FF44690070300F /* HomeViewController.swift */ = {isa = PBXFileReference; lastKnownFileType = sourcecode.swift; path = HomeViewController.swift; sourceTree = "<group>"; };
		05A0730A29FF446A0070300F /* Assets.xcassets */ = {isa = PBXFileReference; lastKnownFileType = folder.assetcatalog; path = Assets.xcassets; sourceTree = "<group>"; };
		05A0730D29FF446A0070300F /* Base */ = {isa = PBXFileReference; lastKnownFileType = file.storyboard; name = Base; path = Base.lproj/LaunchScreen.storyboard; sourceTree = "<group>"; };
		05A0730F29FF446A0070300F /* Info.plist */ = {isa = PBXFileReference; lastKnownFileType = text.plist.xml; path = Info.plist; sourceTree = "<group>"; };
		05A0731529FF46160070300F /* ExtendedDate.swift */ = {isa = PBXFileReference; lastKnownFileType = sourcecode.swift; path = ExtendedDate.swift; sourceTree = "<group>"; };
		05A0731929FF46A20070300F /* Routine.swift */ = {isa = PBXFileReference; lastKnownFileType = sourcecode.swift; path = Routine.swift; sourceTree = "<group>"; };
		05A0731B29FF46DB0070300F /* Database.swift */ = {isa = PBXFileReference; lastKnownFileType = sourcecode.swift; path = Database.swift; sourceTree = "<group>"; };
		05A0731D29FF46F60070300F /* DbMemory.swift */ = {isa = PBXFileReference; lastKnownFileType = sourcecode.swift; path = DbMemory.swift; sourceTree = "<group>"; };
		05A0731F29FF47250070300F /* RoutineGroup.swift */ = {isa = PBXFileReference; lastKnownFileType = sourcecode.swift; path = RoutineGroup.swift; sourceTree = "<group>"; };
		635DA9E56830EA8086ADF005 /* Pods-RoutineCalendar.release.xcconfig */ = {isa = PBXFileReference; includeInIndex = 1; lastKnownFileType = text.xcconfig; name = "Pods-RoutineCalendar.release.xcconfig"; path = "Target Support Files/Pods-RoutineCalendar/Pods-RoutineCalendar.release.xcconfig"; sourceTree = "<group>"; };
		C64CCAF3573ED0E585C6A1A8 /* Pods-RoutineCalendar.debug.xcconfig */ = {isa = PBXFileReference; includeInIndex = 1; lastKnownFileType = text.xcconfig; name = "Pods-RoutineCalendar.debug.xcconfig"; path = "Target Support Files/Pods-RoutineCalendar/Pods-RoutineCalendar.debug.xcconfig"; sourceTree = "<group>"; };
		F52355E76FA2FF6E98B68A26 /* Pods_RoutineCalendar.framework */ = {isa = PBXFileReference; explicitFileType = wrapper.framework; includeInIndex = 0; path = Pods_RoutineCalendar.framework; sourceTree = BUILT_PRODUCTS_DIR; };
/* End PBXFileReference section */

/* Begin PBXFrameworksBuildPhase section */
		05A072FB29FF44690070300F /* Frameworks */ = {
			isa = PBXFrameworksBuildPhase;
			buildActionMask = 2147483647;
			files = (
				17BE492CDF964F1B61B4AC96 /* Pods_RoutineCalendar.framework in Frameworks */,
			);
			runOnlyForDeploymentPostprocessing = 0;
		};
/* End PBXFrameworksBuildPhase section */

/* Begin PBXGroup section */
		05A072F529FF44690070300F = {
			isa = PBXGroup;
			children = (
				05A0730029FF44690070300F /* RoutineCalendar */,
				05A072FF29FF44690070300F /* Products */,
				1D3F40FFC6347BCBC9A7F874 /* Pods */,
				ECB6ABC78D6B0EE237F9E9DE /* Frameworks */,
			);
			sourceTree = "<group>";
		};
		05A072FF29FF44690070300F /* Products */ = {
			isa = PBXGroup;
			children = (
				05A072FE29FF44690070300F /* RoutineCalendar.app */,
			);
			name = Products;
			sourceTree = "<group>";
		};
		05A0730029FF44690070300F /* RoutineCalendar */ = {
			isa = PBXGroup;
			children = (
				05A0730129FF44690070300F /* AppDelegate.swift */,
				05A0730329FF44690070300F /* SceneDelegate.swift */,
				05A0730529FF44690070300F /* HomeViewController.swift */,
				0596CC062A087F6000B34AF4 /* RoutineDetailViewController.swift */,
				055833FB2A3B67FF00A87245 /* CheckCalendarViewController.swift */,
				05A0731929FF46A20070300F /* Routine.swift */,
				05A0731F29FF47250070300F /* RoutineGroup.swift */,
				05A0731B29FF46DB0070300F /* Database.swift */,
				0587B67D2A1B00D50045FDC3 /* DBFirebase.swift */,
				05A0731D29FF46F60070300F /* DbMemory.swift */,
				05A0731529FF46160070300F /* ExtendedDate.swift */,
				0596CC082A08944000B34AF4 /* Owner.swift */,
				0576F3682A08DC710019E041 /* SelectContentViewController.swift */,
				055833F92A3AEEAF00A87245 /* Main.storyboard */,
				05A0730C29FF446A0070300F /* LaunchScreen.storyboard */,
				05A0730F29FF446A0070300F /* Info.plist */,
				0587B67B2A1AF4730045FDC3 /* GoogleService-Info.plist */,
				05A0730A29FF446A0070300F /* Assets.xcassets */,
				0576F3662A08D1F90019E041 /* user.png */,
			);
			path = RoutineCalendar;
			sourceTree = "<group>";
		};
		1D3F40FFC6347BCBC9A7F874 /* Pods */ = {
			isa = PBXGroup;
			children = (
				C64CCAF3573ED0E585C6A1A8 /* Pods-RoutineCalendar.debug.xcconfig */,
				635DA9E56830EA8086ADF005 /* Pods-RoutineCalendar.release.xcconfig */,
			);
			path = Pods;
			sourceTree = "<group>";
		};
		ECB6ABC78D6B0EE237F9E9DE /* Frameworks */ = {
			isa = PBXGroup;
			children = (
				F52355E76FA2FF6E98B68A26 /* Pods_RoutineCalendar.framework */,
			);
			name = Frameworks;
			sourceTree = "<group>";
		};
/* End PBXGroup section */

/* Begin PBXNativeTarget section */
		05A072FD29FF44690070300F /* RoutineCalendar */ = {
			isa = PBXNativeTarget;
			buildConfigurationList = 05A0731229FF446A0070300F /* Build configuration list for PBXNativeTarget "RoutineCalendar" */;
			buildPhases = (
				7EE942E7794E13F0B69F7166 /* [CP] Check Pods Manifest.lock */,
				05A072FA29FF44690070300F /* Sources */,
				05A072FB29FF44690070300F /* Frameworks */,
				05A072FC29FF44690070300F /* Resources */,
				2410FBB97BC33616C998CA85 /* [CP] Embed Pods Frameworks */,
			);
			buildRules = (
			);
			dependencies = (
			);
			name = RoutineCalendar;
			productName = "ch09-최진현-tableView";
			productReference = 05A072FE29FF44690070300F /* RoutineCalendar.app */;
			productType = "com.apple.product-type.application";
		};
/* End PBXNativeTarget section */

/* Begin PBXProject section */
		05A072F629FF44690070300F /* Project object */ = {
			isa = PBXProject;
			attributes = {
				BuildIndependentTargetsInParallel = 1;
				LastSwiftUpdateCheck = 1420;
				LastUpgradeCheck = 1420;
				TargetAttributes = {
					05A072FD29FF44690070300F = {
						CreatedOnToolsVersion = 14.2;
					};
				};
			};
			buildConfigurationList = 05A072F929FF44690070300F /* Build configuration list for PBXProject "RoutineCalendar" */;
			compatibilityVersion = "Xcode 14.0";
			developmentRegion = en;
			hasScannedForEncodings = 0;
			knownRegions = (
				en,
				Base,
			);
			mainGroup = 05A072F529FF44690070300F;
			productRefGroup = 05A072FF29FF44690070300F /* Products */;
			projectDirPath = "";
			projectRoot = "";
			targets = (
				05A072FD29FF44690070300F /* RoutineCalendar */,
			);
		};
/* End PBXProject section */

/* Begin PBXResourcesBuildPhase section */
		05A072FC29FF44690070300F /* Resources */ = {
			isa = PBXResourcesBuildPhase;
			buildActionMask = 2147483647;
			files = (
				05A0730E29FF446A0070300F /* LaunchScreen.storyboard in Resources */,
				055833FA2A3AEEAF00A87245 /* Main.storyboard in Resources */,
				05A0730B29FF446A0070300F /* Assets.xcassets in Resources */,
				0587B67C2A1AF4730045FDC3 /* GoogleService-Info.plist in Resources */,
				0576F3672A08D1FA0019E041 /* user.png in Resources */,
			);
			runOnlyForDeploymentPostprocessing = 0;
		};
/* End PBXResourcesBuildPhase section */

/* Begin PBXShellScriptBuildPhase section */
		2410FBB97BC33616C998CA85 /* [CP] Embed Pods Frameworks */ = {
			isa = PBXShellScriptBuildPhase;
			buildActionMask = 2147483647;
			files = (
			);
			inputFileListPaths = (
				"${PODS_ROOT}/Target Support Files/Pods-RoutineCalendar/Pods-RoutineCalendar-frameworks-${CONFIGURATION}-input-files.xcfilelist",
			);
			name = "[CP] Embed Pods Frameworks";
			outputFileListPaths = (
				"${PODS_ROOT}/Target Support Files/Pods-RoutineCalendar/Pods-RoutineCalendar-frameworks-${CONFIGURATION}-output-files.xcfilelist",
			);
			runOnlyForDeploymentPostprocessing = 0;
			shellPath = /bin/sh;
			shellScript = "\"${PODS_ROOT}/Target Support Files/Pods-RoutineCalendar/Pods-RoutineCalendar-frameworks.sh\"\n";
			showEnvVarsInLog = 0;
		};
		7EE942E7794E13F0B69F7166 /* [CP] Check Pods Manifest.lock */ = {
			isa = PBXShellScriptBuildPhase;
			buildActionMask = 2147483647;
			files = (
			);
			inputFileListPaths = (
			);
			inputPaths = (
				"${PODS_PODFILE_DIR_PATH}/Podfile.lock",
				"${PODS_ROOT}/Manifest.lock",
			);
			name = "[CP] Check Pods Manifest.lock";
			outputFileListPaths = (
			);
			outputPaths = (
				"$(DERIVED_FILE_DIR)/Pods-RoutineCalendar-checkManifestLockResult.txt",
			);
			runOnlyForDeploymentPostprocessing = 0;
			shellPath = /bin/sh;
			shellScript = "diff \"${PODS_PODFILE_DIR_PATH}/Podfile.lock\" \"${PODS_ROOT}/Manifest.lock\" > /dev/null\nif [ $? != 0 ] ; then\n    # print error to STDERR\n    echo \"error: The sandbox is not in sync with the Podfile.lock. Run 'pod install' or update your CocoaPods installation.\" >&2\n    exit 1\nfi\n# This output is used by Xcode 'outputs' to avoid re-running this script phase.\necho \"SUCCESS\" > \"${SCRIPT_OUTPUT_FILE_0}\"\n";
			showEnvVarsInLog = 0;
		};
/* End PBXShellScriptBuildPhase section */

/* Begin PBXSourcesBuildPhase section */
		05A072FA29FF44690070300F /* Sources */ = {
			isa = PBXSourcesBuildPhase;
			buildActionMask = 2147483647;
			files = (
				0576F3692A08DC710019E041 /* SelectContentViewController.swift in Sources */,
				05A0731C29FF46DB0070300F /* Database.swift in Sources */,
				0587B67E2A1B00D50045FDC3 /* DBFirebase.swift in Sources */,
				05A0731629FF46160070300F /* ExtendedDate.swift in Sources */,
				05A0732029FF47250070300F /* RoutineGroup.swift in Sources */,
				0596CC092A08944000B34AF4 /* Owner.swift in Sources */,
				05A0730629FF44690070300F /* HomeViewController.swift in Sources */,
				055833FC2A3B67FF00A87245 /* CheckCalendarViewController.swift in Sources */,
				05A0731E29FF46F60070300F /* DbMemory.swift in Sources */,
				05A0730229FF44690070300F /* AppDelegate.swift in Sources */,
				05A0730429FF44690070300F /* SceneDelegate.swift in Sources */,
				05A0731A29FF46A20070300F /* Routine.swift in Sources */,
				0596CC072A087F6000B34AF4 /* RoutineDetailViewController.swift in Sources */,
			);
			runOnlyForDeploymentPostprocessing = 0;
		};
/* End PBXSourcesBuildPhase section */

/* Begin PBXVariantGroup section */
		05A0730C29FF446A0070300F /* LaunchScreen.storyboard */ = {
			isa = PBXVariantGroup;
			children = (
				05A0730D29FF446A0070300F /* Base */,
			);
			name = LaunchScreen.storyboard;
			sourceTree = "<group>";
		};
/* End PBXVariantGroup section */

/* Begin XCBuildConfiguration section */
		05A0731029FF446A0070300F /* Debug */ = {
			isa = XCBuildConfiguration;
			buildSettings = {
				ALWAYS_SEARCH_USER_PATHS = NO;
				CLANG_ANALYZER_NONNULL = YES;
				CLANG_ANALYZER_NUMBER_OBJECT_CONVERSION = YES_AGGRESSIVE;
				CLANG_CXX_LANGUAGE_STANDARD = "gnu++20";
				CLANG_ENABLE_MODULES = YES;
				CLANG_ENABLE_OBJC_ARC = YES;
				CLANG_ENABLE_OBJC_WEAK = YES;
				CLANG_WARN_BLOCK_CAPTURE_AUTORELEASING = YES;
				CLANG_WARN_BOOL_CONVERSION = YES;
				CLANG_WARN_COMMA = YES;
				CLANG_WARN_CONSTANT_CONVERSION = YES;
				CLANG_WARN_DEPRECATED_OBJC_IMPLEMENTATIONS = YES;
				CLANG_WARN_DIRECT_OBJC_ISA_USAGE = YES_ERROR;
				CLANG_WARN_DOCUMENTATION_COMMENTS = YES;
				CLANG_WARN_EMPTY_BODY = YES;
				CLANG_WARN_ENUM_CONVERSION = YES;
				CLANG_WARN_INFINITE_RECURSION = YES;
				CLANG_WARN_INT_CONVERSION = YES;
				CLANG_WARN_NON_LITERAL_NULL_CONVERSION = YES;
				CLANG_WARN_OBJC_IMPLICIT_RETAIN_SELF = YES;
				CLANG_WARN_OBJC_LITERAL_CONVERSION = YES;
				CLANG_WARN_OBJC_ROOT_CLASS = YES_ERROR;
				CLANG_WARN_QUOTED_INCLUDE_IN_FRAMEWORK_HEADER = YES;
				CLANG_WARN_RANGE_LOOP_ANALYSIS = YES;
				CLANG_WARN_STRICT_PROTOTYPES = YES;
				CLANG_WARN_SUSPICIOUS_MOVE = YES;
				CLANG_WARN_UNGUARDED_AVAILABILITY = YES_AGGRESSIVE;
				CLANG_WARN_UNREACHABLE_CODE = YES;
				CLANG_WARN__DUPLICATE_METHOD_MATCH = YES;
				COPY_PHASE_STRIP = NO;
				DEBUG_INFORMATION_FORMAT = dwarf;
				ENABLE_STRICT_OBJC_MSGSEND = YES;
				ENABLE_TESTABILITY = YES;
				GCC_C_LANGUAGE_STANDARD = gnu11;
				GCC_DYNAMIC_NO_PIC = NO;
				GCC_NO_COMMON_BLOCKS = YES;
				GCC_OPTIMIZATION_LEVEL = 0;
				GCC_PREPROCESSOR_DEFINITIONS = (
					"DEBUG=1",
					"$(inherited)",
				);
				GCC_WARN_64_TO_32_BIT_CONVERSION = YES;
				GCC_WARN_ABOUT_RETURN_TYPE = YES_ERROR;
				GCC_WARN_UNDECLARED_SELECTOR = YES;
				GCC_WARN_UNINITIALIZED_AUTOS = YES_AGGRESSIVE;
				GCC_WARN_UNUSED_FUNCTION = YES;
				GCC_WARN_UNUSED_VARIABLE = YES;
				IPHONEOS_DEPLOYMENT_TARGET = 16.2;
				MTL_ENABLE_DEBUG_INFO = INCLUDE_SOURCE;
				MTL_FAST_MATH = YES;
				ONLY_ACTIVE_ARCH = YES;
				SDKROOT = iphoneos;
				SWIFT_ACTIVE_COMPILATION_CONDITIONS = DEBUG;
				SWIFT_OPTIMIZATION_LEVEL = "-Onone";
			};
			name = Debug;
		};
		05A0731129FF446A0070300F /* Release */ = {
			isa = XCBuildConfiguration;
			buildSettings = {
				ALWAYS_SEARCH_USER_PATHS = NO;
				CLANG_ANALYZER_NONNULL = YES;
				CLANG_ANALYZER_NUMBER_OBJECT_CONVERSION = YES_AGGRESSIVE;
				CLANG_CXX_LANGUAGE_STANDARD = "gnu++20";
				CLANG_ENABLE_MODULES = YES;
				CLANG_ENABLE_OBJC_ARC = YES;
				CLANG_ENABLE_OBJC_WEAK = YES;
				CLANG_WARN_BLOCK_CAPTURE_AUTORELEASING = YES;
				CLANG_WARN_BOOL_CONVERSION = YES;
				CLANG_WARN_COMMA = YES;
				CLANG_WARN_CONSTANT_CONVERSION = YES;
				CLANG_WARN_DEPRECATED_OBJC_IMPLEMENTATIONS = YES;
				CLANG_WARN_DIRECT_OBJC_ISA_USAGE = YES_ERROR;
				CLANG_WARN_DOCUMENTATION_COMMENTS = YES;
				CLANG_WARN_EMPTY_BODY = YES;
				CLANG_WARN_ENUM_CONVERSION = YES;
				CLANG_WARN_INFINITE_RECURSION = YES;
				CLANG_WARN_INT_CONVERSION = YES;
				CLANG_WARN_NON_LITERAL_NULL_CONVERSION = YES;
				CLANG_WARN_OBJC_IMPLICIT_RETAIN_SELF = YES;
				CLANG_WARN_OBJC_LITERAL_CONVERSION = YES;
				CLANG_WARN_OBJC_ROOT_CLASS = YES_ERROR;
				CLANG_WARN_QUOTED_INCLUDE_IN_FRAMEWORK_HEADER = YES;
				CLANG_WARN_RANGE_LOOP_ANALYSIS = YES;
				CLANG_WARN_STRICT_PROTOTYPES = YES;
				CLANG_WARN_SUSPICIOUS_MOVE = YES;
				CLANG_WARN_UNGUARDED_AVAILABILITY = YES_AGGRESSIVE;
				CLANG_WARN_UNREACHABLE_CODE = YES;
				CLANG_WARN__DUPLICATE_METHOD_MATCH = YES;
				COPY_PHASE_STRIP = NO;
				DEBUG_INFORMATION_FORMAT = "dwarf-with-dsym";
				ENABLE_NS_ASSERTIONS = NO;
				ENABLE_STRICT_OBJC_MSGSEND = YES;
				GCC_C_LANGUAGE_STANDARD = gnu11;
				GCC_NO_COMMON_BLOCKS = YES;
				GCC_WARN_64_TO_32_BIT_CONVERSION = YES;
				GCC_WARN_ABOUT_RETURN_TYPE = YES_ERROR;
				GCC_WARN_UNDECLARED_SELECTOR = YES;
				GCC_WARN_UNINITIALIZED_AUTOS = YES_AGGRESSIVE;
				GCC_WARN_UNUSED_FUNCTION = YES;
				GCC_WARN_UNUSED_VARIABLE = YES;
				IPHONEOS_DEPLOYMENT_TARGET = 16.2;
				MTL_ENABLE_DEBUG_INFO = NO;
				MTL_FAST_MATH = YES;
				SDKROOT = iphoneos;
				SWIFT_COMPILATION_MODE = wholemodule;
				SWIFT_OPTIMIZATION_LEVEL = "-O";
				VALIDATE_PRODUCT = YES;
			};
			name = Release;
		};
		05A0731329FF446A0070300F /* Debug */ = {
			isa = XCBuildConfiguration;
			baseConfigurationReference = C64CCAF3573ED0E585C6A1A8 /* Pods-RoutineCalendar.debug.xcconfig */;
			buildSettings = {
				ASSETCATALOG_COMPILER_APPICON_NAME = AppIcon;
				ASSETCATALOG_COMPILER_GLOBAL_ACCENT_COLOR_NAME = AccentColor;
				CODE_SIGN_STYLE = Automatic;
				CURRENT_PROJECT_VERSION = 1;
				GENERATE_INFOPLIST_FILE = YES;
				INFOPLIST_FILE = RoutineCalendar/info.plist;
				INFOPLIST_KEY_UIApplicationSupportsIndirectInputEvents = YES;
				INFOPLIST_KEY_UILaunchStoryboardName = LaunchScreen;
				INFOPLIST_KEY_UIMainStoryboardFile = Main;
				INFOPLIST_KEY_UISupportedInterfaceOrientations_iPad = "UIInterfaceOrientationPortrait UIInterfaceOrientationPortraitUpsideDown UIInterfaceOrientationLandscapeLeft UIInterfaceOrientationLandscapeRight";
				INFOPLIST_KEY_UISupportedInterfaceOrientations_iPhone = "UIInterfaceOrientationPortrait UIInterfaceOrientationLandscapeLeft UIInterfaceOrientationLandscapeRight";
				LD_RUNPATH_SEARCH_PATHS = (
					"$(inherited)",
					"@executable_path/Frameworks",
				);
				MARKETING_VERSION = 1.0;
				PRODUCT_BUNDLE_IDENTIFIER = hansung.ac.kr.RoutineCalendar;
				PRODUCT_NAME = RoutineCalendar;
				SWIFT_EMIT_LOC_STRINGS = YES;
				SWIFT_VERSION = 5.0;
				TARGETED_DEVICE_FAMILY = "1,2";
			};
			name = Debug;
		};
		05A0731429FF446A0070300F /* Release */ = {
			isa = XCBuildConfiguration;
			baseConfigurationReference = 635DA9E56830EA8086ADF005 /* Pods-RoutineCalendar.release.xcconfig */;
			buildSettings = {
				ASSETCATALOG_COMPILER_APPICON_NAME = AppIcon;
				ASSETCATALOG_COMPILER_GLOBAL_ACCENT_COLOR_NAME = AccentColor;
				CODE_SIGN_STYLE = Automatic;
				CURRENT_PROJECT_VERSION = 1;
				GENERATE_INFOPLIST_FILE = YES;
				INFOPLIST_FILE = RoutineCalendar/info.plist;
				INFOPLIST_KEY_UIApplicationSupportsIndirectInputEvents = YES;
				INFOPLIST_KEY_UILaunchStoryboardName = LaunchScreen;
				INFOPLIST_KEY_UIMainStoryboardFile = Main;
				INFOPLIST_KEY_UISupportedInterfaceOrientations_iPad = "UIInterfaceOrientationPortrait UIInterfaceOrientationPortraitUpsideDown UIInterfaceOrientationLandscapeLeft UIInterfaceOrientationLandscapeRight";
				INFOPLIST_KEY_UISupportedInterfaceOrientations_iPhone = "UIInterfaceOrientationPortrait UIInterfaceOrientationLandscapeLeft UIInterfaceOrientationLandscapeRight";
				LD_RUNPATH_SEARCH_PATHS = (
					"$(inherited)",
					"@executable_path/Frameworks",
				);
				MARKETING_VERSION = 1.0;
				PRODUCT_BUNDLE_IDENTIFIER = hansung.ac.kr.RoutineCalendar;
				PRODUCT_NAME = RoutineCalendar;
				SWIFT_EMIT_LOC_STRINGS = YES;
				SWIFT_VERSION = 5.0;
				TARGETED_DEVICE_FAMILY = "1,2";
			};
			name = Release;
		};
/* End XCBuildConfiguration section */

/* Begin XCConfigurationList section */
		05A072F929FF44690070300F /* Build configuration list for PBXProject "RoutineCalendar" */ = {
			isa = XCConfigurationList;
			buildConfigurations = (
				05A0731029FF446A0070300F /* Debug */,
				05A0731129FF446A0070300F /* Release */,
			);
			defaultConfigurationIsVisible = 0;
			defaultConfigurationName = Release;
		};
		05A0731229FF446A0070300F /* Build configuration list for PBXNativeTarget "RoutineCalendar" */ = {
			isa = XCConfigurationList;
			buildConfigurations = (
				05A0731329FF446A0070300F /* Debug */,
				05A0731429FF446A0070300F /* Release */,
			);
			defaultConfigurationIsVisible = 0;
			defaultConfigurationName = Release;
		};
/* End XCConfigurationList section */
	};
	rootObject = 05A072F629FF44690070300F /* Project object */;
}
